{
  "requires": true,
  "lockfileVersion": 1,
  "dependencies": {
    "vue-i18n": {
      "version": "8.24.0",
      "resolved": "https://registry.npmjs.org/vue-i18n/-/vue-i18n-8.24.0.tgz",
      "integrity": "sha512-tRVmPN36Dv+fLeZW5AzoNsZwjV2y2+UdHROaTewUgSG2YLjOj4dFmai4T5PPZtIdRnDnUdwbAwdufCG6fPSegA=="
    },
    "vue-router": {
      "version": "3.5.1",
      "resolved": "https://registry.npmjs.org/vue-router/-/vue-router-3.5.1.tgz",
      "integrity": "sha512-RRQNLT8Mzr8z7eL4p7BtKvRaTSGdCbTy2+Mm5HTJvLGYSSeG9gDzNasJPP/yOYKLy+/cLG/ftrqq5fvkFwBJEw=="
    },
    "vuetrend": {
      "version": "0.3.4",
      "resolved": "https://registry.npmjs.org/vuetrend/-/vuetrend-0.3.4.tgz",
      "integrity": "sha512-UaOJhMnkoiRBlGB9k2FX5GqotJyoyYUpyTAjfBiB7K5ESt3KzRoaplfG7j7SAnH4ITk4DjVDC9WB2IX80TVYmQ=="
    }
  }
}
