{
  "requires": true,
  "lockfileVersion": 1,
  "dependencies": {
    "vuetrend": {
      "version": "0.3.4",
      "resolved": "https://registry.npmjs.org/vuetrend/-/vuetrend-0.3.4.tgz",
      "integrity": "sha512-UaOJhMnkoiRBlGB9k2FX5GqotJyoyYUpyTAjfBiB7K5ESt3KzRoaplfG7j7SAnH4ITk4DjVDC9WB2IX80TVYmQ=="
    }
  }
}
